
Microsoft Visual Studio Solution File, Format Version 12.00
# Visual Studio 2013
VisualStudioVersion = 12.0.40629.0
MinimumVisualStudioVersion = 10.0.40219.1
Project("{FAE04EC0-301F-11D3-BF4B-00C04F79EFBC}") = "WebsiteMVC", "WebsiteMVC\WebsiteMVC.csproj", "{E38EE61A-8C5C-4C7C-9716-771FF67DC3CD}"
EndProject
Project("{FAE04EC0-301F-11D3-BF4B-00C04F79EFBC}") = "WebsiteMVC.Tests", "WebsiteMVC.Tests\WebsiteMVC.Tests.csproj", "{08841D73-6081-4960-9A27-9A51A2182DDE}"
EndProject
Global
	GlobalSection(SolutionConfigurationPlatforms) = preSolution
		Debug|Any CPU = Debug|Any CPU
		Release|Any CPU = Release|Any CPU
	EndGlobalSection
	GlobalSection(ProjectConfigurationPlatforms) = postSolution
		{E38EE61A-8C5C-4C7C-9716-771FF67DC3CD}.Debug|Any CPU.ActiveCfg = Debug|Any CPU
		{E38EE61A-8C5C-4C7C-9716-771FF67DC3CD}.Debug|Any CPU.Build.0 = Debug|Any CPU
		{E38EE61A-8C5C-4C7C-9716-771FF67DC3CD}.Release|Any CPU.ActiveCfg = Release|Any CPU
		{E38EE61A-8C5C-4C7C-9716-771FF67DC3CD}.Release|Any CPU.Build.0 = Release|Any CPU
		{08841D73-6081-4960-9A27-9A51A2182DDE}.Debug|Any CPU.ActiveCfg = Debug|Any CPU
		{08841D73-6081-4960-9A27-9A51A2182DDE}.Release|Any CPU.ActiveCfg = Release|Any CPU
		{08841D73-6081-4960-9A27-9A51A2182DDE}.Release|Any CPU.Build.0 = Release|Any CPU
	EndGlobalSection
	GlobalSection(SolutionProperties) = preSolution
		HideSolutionNode = FALSE
	EndGlobalSection
EndGlobal
